// !$*UTF8*$!
{
	archiveVersion = 1;
	classes = {
	};
	objectVersion = 52;
	objects = {

/* Begin PBXBuildFile section */
		B40DEEAA25BFE8750081786D /* NavigationStack in Frameworks */ = {isa = PBXBuildFile; productRef = B40DEEA925BFE8750081786D /* NavigationStack */; };
		B4374BFA299E0C1600E94D61 /* MinimizableViewExample_MacOSApp.swift in Sources */ = {isa = PBXBuildFile; fileRef = B4374BF9299E0C1600E94D61 /* MinimizableViewExample_MacOSApp.swift */; };
		B4374BFC299E0C1600E94D61 /* ContentView.swift in Sources */ = {isa = PBXBuildFile; fileRef = B4374BFB299E0C1600E94D61 /* ContentView.swift */; };
		B4374BFE299E0C1900E94D61 /* Assets.xcassets in Resources */ = {isa = PBXBuildFile; fileRef = B4374BFD299E0C1900E94D61 /* Assets.xcassets */; };
		B4374C01299E0C1900E94D61 /* Preview Assets.xcassets in Resources */ = {isa = PBXBuildFile; fileRef = B4374C00299E0C1900E94D61 /* Preview Assets.xcassets */; };
		B4374C0C299E0C1900E94D61 /* MinimizableViewExample_MacOSTests.swift in Sources */ = {isa = PBXBuildFile; fileRef = B4374C0B299E0C1900E94D61 /* MinimizableViewExample_MacOSTests.swift */; };
		B4374C16299E0C1900E94D61 /* MinimizableViewExample_MacOSUITests.swift in Sources */ = {isa = PBXBuildFile; fileRef = B4374C15299E0C1900E94D61 /* MinimizableViewExample_MacOSUITests.swift */; };
		B4374C18299E0C1900E94D61 /* MinimizableViewExample_MacOSUITestsLaunchTests.swift in Sources */ = {isa = PBXBuildFile; fileRef = B4374C17299E0C1900E94D61 /* MinimizableViewExample_MacOSUITestsLaunchTests.swift */; };
		B4374C23299E0D7500E94D61 /* MinimizableView in Frameworks */ = {isa = PBXBuildFile; productRef = B4374C22299E0D7500E94D61 /* MinimizableView */; };
		B461DFAA254C3DE400E29DE5 /* ListView.swift in Sources */ = {isa = PBXBuildFile; fileRef = B461DFA9254C3DE400E29DE5 /* ListView.swift */; };
		B4668E4E23716EBC00E5A1DE /* CompactViewExample.swift in Sources */ = {isa = PBXBuildFile; fileRef = B4668E4D23716EBC00E5A1DE /* CompactViewExample.swift */; };
		B4668E74237405A400E5A1DE /* Buttons.swift in Sources */ = {isa = PBXBuildFile; fileRef = B4668E73237405A400E5A1DE /* Buttons.swift */; };
		B4668E7F23756A0D00E5A1DE /* MinimizableView in Frameworks */ = {isa = PBXBuildFile; productRef = B4668E7E23756A0D00E5A1DE /* MinimizableView */; };
		B47E0FDA28A3A3BB001FBD6B /* ContentListExample.swift in Sources */ = {isa = PBXBuildFile; fileRef = B47E0FD928A3A3BB001FBD6B /* ContentListExample.swift */; };
		B48E64A02349C0560036D203 /* AppDelegate.swift in Sources */ = {isa = PBXBuildFile; fileRef = B48E649F2349C0560036D203 /* AppDelegate.swift */; };
		B48E64A22349C0560036D203 /* SceneDelegate.swift in Sources */ = {isa = PBXBuildFile; fileRef = B48E64A12349C0560036D203 /* SceneDelegate.swift */; };
		B48E64A42349C0560036D203 /* RootView.swift in Sources */ = {isa = PBXBuildFile; fileRef = B48E64A32349C0560036D203 /* RootView.swift */; };
		B48E64A62349C05A0036D203 /* Assets.xcassets in Resources */ = {isa = PBXBuildFile; fileRef = B48E64A52349C05A0036D203 /* Assets.xcassets */; };
		B48E64A92349C05A0036D203 /* Preview Assets.xcassets in Resources */ = {isa = PBXBuildFile; fileRef = B48E64A82349C05A0036D203 /* Preview Assets.xcassets */; };
		B48E64AC2349C05A0036D203 /* LaunchScreen.storyboard in Resources */ = {isa = PBXBuildFile; fileRef = B48E64AA2349C05A0036D203 /* LaunchScreen.storyboard */; };
		B48E64B42349C0E00036D203 /* ContentExample.swift in Sources */ = {isa = PBXBuildFile; fileRef = B48E64B32349C0E00036D203 /* ContentExample.swift */; };
		B48E64B62349EB670036D203 /* Colors.xcassets in Resources */ = {isa = PBXBuildFile; fileRef = B48E64B52349EB670036D203 /* Colors.xcassets */; };
		B4AA02A2256CFE550069D9F4 /* BlurView.swift in Sources */ = {isa = PBXBuildFile; fileRef = B4AA02A1256CFE550069D9F4 /* BlurView.swift */; };
/* End PBXBuildFile section */

/* Begin PBXContainerItemProxy section */
		B4374C08299E0C1900E94D61 /* PBXContainerItemProxy */ = {
			isa = PBXContainerItemProxy;
			containerPortal = B48E64942349C0560036D203 /* Project object */;
			proxyType = 1;
			remoteGlobalIDString = B4374BF6299E0C1600E94D61;
			remoteInfo = MinimizableViewExample_MacOS;
		};
		B4374C12299E0C1900E94D61 /* PBXContainerItemProxy */ = {
			isa = PBXContainerItemProxy;
			containerPortal = B48E64942349C0560036D203 /* Project object */;
			proxyType = 1;
			remoteGlobalIDString = B4374BF6299E0C1600E94D61;
			remoteInfo = MinimizableViewExample_MacOS;
		};
/* End PBXContainerItemProxy section */

/* Begin PBXFileReference section */
		B4374BF7299E0C1600E94D61 /* MinimizableViewExample_MacOS.app */ = {isa = PBXFileReference; explicitFileType = wrapper.application; includeInIndex = 0; path = MinimizableViewExample_MacOS.app; sourceTree = BUILT_PRODUCTS_DIR; };
		B4374BF9299E0C1600E94D61 /* MinimizableViewExample_MacOSApp.swift */ = {isa = PBXFileReference; lastKnownFileType = sourcecode.swift; path = MinimizableViewExample_MacOSApp.swift; sourceTree = "<group>"; };
		B4374BFB299E0C1600E94D61 /* ContentView.swift */ = {isa = PBXFileReference; lastKnownFileType = sourcecode.swift; path = ContentView.swift; sourceTree = "<group>"; };
		B4374BFD299E0C1900E94D61 /* Assets.xcassets */ = {isa = PBXFileReference; lastKnownFileType = folder.assetcatalog; path = Assets.xcassets; sourceTree = "<group>"; };
		B4374C00299E0C1900E94D61 /* Preview Assets.xcassets */ = {isa = PBXFileReference; lastKnownFileType = folder.assetcatalog; path = "Preview Assets.xcassets"; sourceTree = "<group>"; };
		B4374C02299E0C1900E94D61 /* MinimizableViewExample_MacOS.entitlements */ = {isa = PBXFileReference; lastKnownFileType = text.plist.entitlements; path = MinimizableViewExample_MacOS.entitlements; sourceTree = "<group>"; };
		B4374C07299E0C1900E94D61 /* MinimizableViewExample_MacOSTests.xctest */ = {isa = PBXFileReference; explicitFileType = wrapper.cfbundle; includeInIndex = 0; path = MinimizableViewExample_MacOSTests.xctest; sourceTree = BUILT_PRODUCTS_DIR; };
		B4374C0B299E0C1900E94D61 /* MinimizableViewExample_MacOSTests.swift */ = {isa = PBXFileReference; lastKnownFileType = sourcecode.swift; path = MinimizableViewExample_MacOSTests.swift; sourceTree = "<group>"; };
		B4374C11299E0C1900E94D61 /* MinimizableViewExample_MacOSUITests.xctest */ = {isa = PBXFileReference; explicitFileType = wrapper.cfbundle; includeInIndex = 0; path = MinimizableViewExample_MacOSUITests.xctest; sourceTree = BUILT_PRODUCTS_DIR; };
		B4374C15299E0C1900E94D61 /* MinimizableViewExample_MacOSUITests.swift */ = {isa = PBXFileReference; lastKnownFileType = sourcecode.swift; path = MinimizableViewExample_MacOSUITests.swift; sourceTree = "<group>"; };
		B4374C17299E0C1900E94D61 /* MinimizableViewExample_MacOSUITestsLaunchTests.swift */ = {isa = PBXFileReference; lastKnownFileType = sourcecode.swift; path = MinimizableViewExample_MacOSUITestsLaunchTests.swift; sourceTree = "<group>"; };
		B461DFA9254C3DE400E29DE5 /* ListView.swift */ = {isa = PBXFileReference; lastKnownFileType = sourcecode.swift; path = ListView.swift; sourceTree = "<group>"; };
		B4668E4D23716EBC00E5A1DE /* CompactViewExample.swift */ = {isa = PBXFileReference; lastKnownFileType = sourcecode.swift; path = CompactViewExample.swift; sourceTree = "<group>"; };
		B4668E73237405A400E5A1DE /* Buttons.swift */ = {isa = PBXFileReference; lastKnownFileType = sourcecode.swift; path = Buttons.swift; sourceTree = "<group>"; };
		B4668E7D237569EB00E5A1DE /* MinimizableView */ = {isa = PBXFileReference; lastKnownFileType = folder; name = MinimizableView; path = ../MinimizableView; sourceTree = "<group>"; };
		B47E0FD928A3A3BB001FBD6B /* ContentListExample.swift */ = {isa = PBXFileReference; lastKnownFileType = sourcecode.swift; path = ContentListExample.swift; sourceTree = "<group>"; };
		B48E649C2349C0560036D203 /* MinimizableViewExample.app */ = {isa = PBXFileReference; explicitFileType = wrapper.application; includeInIndex = 0; path = MinimizableViewExample.app; sourceTree = BUILT_PRODUCTS_DIR; };
		B48E649F2349C0560036D203 /* AppDelegate.swift */ = {isa = PBXFileReference; lastKnownFileType = sourcecode.swift; path = AppDelegate.swift; sourceTree = "<group>"; };
		B48E64A12349C0560036D203 /* SceneDelegate.swift */ = {isa = PBXFileReference; lastKnownFileType = sourcecode.swift; path = SceneDelegate.swift; sourceTree = "<group>"; };
		B48E64A32349C0560036D203 /* RootView.swift */ = {isa = PBXFileReference; lastKnownFileType = sourcecode.swift; path = RootView.swift; sourceTree = "<group>"; };
		B48E64A52349C05A0036D203 /* Assets.xcassets */ = {isa = PBXFileReference; lastKnownFileType = folder.assetcatalog; path = Assets.xcassets; sourceTree = "<group>"; };
		B48E64A82349C05A0036D203 /* Preview Assets.xcassets */ = {isa = PBXFileReference; lastKnownFileType = folder.assetcatalog; path = "Preview Assets.xcassets"; sourceTree = "<group>"; };
		B48E64AB2349C05A0036D203 /* Base */ = {isa = PBXFileReference; lastKnownFileType = file.storyboard; name = Base; path = Base.lproj/LaunchScreen.storyboard; sourceTree = "<group>"; };
		B48E64AD2349C05A0036D203 /* Info.plist */ = {isa = PBXFileReference; lastKnownFileType = text.plist.xml; path = Info.plist; sourceTree = "<group>"; };
		B48E64B32349C0E00036D203 /* ContentExample.swift */ = {isa = PBXFileReference; lastKnownFileType = sourcecode.swift; path = ContentExample.swift; sourceTree = "<group>"; };
		B48E64B52349EB670036D203 /* Colors.xcassets */ = {isa = PBXFileReference; lastKnownFileType = folder.assetcatalog; path = Colors.xcassets; sourceTree = "<group>"; };
		B4AA02A1256CFE550069D9F4 /* BlurView.swift */ = {isa = PBXFileReference; fileEncoding = 4; lastKnownFileType = sourcecode.swift; path = BlurView.swift; sourceTree = "<group>"; };
/* End PBXFileReference section */

/* Begin PBXFrameworksBuildPhase section */
		B4374BF4299E0C1600E94D61 /* Frameworks */ = {
			isa = PBXFrameworksBuildPhase;
			buildActionMask = 2147483647;
			files = (
				B4374C23299E0D7500E94D61 /* MinimizableView in Frameworks */,
			);
			runOnlyForDeploymentPostprocessing = 0;
		};
		B4374C04299E0C1900E94D61 /* Frameworks */ = {
			isa = PBXFrameworksBuildPhase;
			buildActionMask = 2147483647;
			files = (
			);
			runOnlyForDeploymentPostprocessing = 0;
		};
		B4374C0E299E0C1900E94D61 /* Frameworks */ = {
			isa = PBXFrameworksBuildPhase;
			buildActionMask = 2147483647;
			files = (
			);
			runOnlyForDeploymentPostprocessing = 0;
		};
		B48E64992349C0560036D203 /* Frameworks */ = {
			isa = PBXFrameworksBuildPhase;
			buildActionMask = 2147483647;
			files = (
				B4668E7F23756A0D00E5A1DE /* MinimizableView in Frameworks */,
				B40DEEAA25BFE8750081786D /* NavigationStack in Frameworks */,
			);
			runOnlyForDeploymentPostprocessing = 0;
		};
/* End PBXFrameworksBuildPhase section */

/* Begin PBXGroup section */
		B4374BF8299E0C1600E94D61 /* MinimizableViewExample_MacOS */ = {
			isa = PBXGroup;
			children = (
				B4374BF9299E0C1600E94D61 /* MinimizableViewExample_MacOSApp.swift */,
				B4374BFB299E0C1600E94D61 /* ContentView.swift */,
				B4374BFD299E0C1900E94D61 /* Assets.xcassets */,
				B4374C02299E0C1900E94D61 /* MinimizableViewExample_MacOS.entitlements */,
				B4374BFF299E0C1900E94D61 /* Preview Content */,
			);
			path = MinimizableViewExample_MacOS;
			sourceTree = "<group>";
		};
		B4374BFF299E0C1900E94D61 /* Preview Content */ = {
			isa = PBXGroup;
			children = (
				B4374C00299E0C1900E94D61 /* Preview Assets.xcassets */,
			);
			path = "Preview Content";
			sourceTree = "<group>";
		};
		B4374C0A299E0C1900E94D61 /* MinimizableViewExample_MacOSTests */ = {
			isa = PBXGroup;
			children = (
				B4374C0B299E0C1900E94D61 /* MinimizableViewExample_MacOSTests.swift */,
			);
			path = MinimizableViewExample_MacOSTests;
			sourceTree = "<group>";
		};
		B4374C14299E0C1900E94D61 /* MinimizableViewExample_MacOSUITests */ = {
			isa = PBXGroup;
			children = (
				B4374C15299E0C1900E94D61 /* MinimizableViewExample_MacOSUITests.swift */,
				B4374C17299E0C1900E94D61 /* MinimizableViewExample_MacOSUITestsLaunchTests.swift */,
			);
			path = MinimizableViewExample_MacOSUITests;
			sourceTree = "<group>";
		};
		B4668E4823714EF300E5A1DE /* Frameworks */ = {
			isa = PBXGroup;
			children = (
				B4668E7D237569EB00E5A1DE /* MinimizableView */,
			);
			name = Frameworks;
			sourceTree = "<group>";
		};
		B48E64932349C0560036D203 = {
			isa = PBXGroup;
			children = (
				B48E649E2349C0560036D203 /* CustomModal */,
				B4374BF8299E0C1600E94D61 /* MinimizableViewExample_MacOS */,
				B4374C0A299E0C1900E94D61 /* MinimizableViewExample_MacOSTests */,
				B4374C14299E0C1900E94D61 /* MinimizableViewExample_MacOSUITests */,
				B48E649D2349C0560036D203 /* Products */,
				B4668E4823714EF300E5A1DE /* Frameworks */,
			);
			sourceTree = "<group>";
		};
		B48E649D2349C0560036D203 /* Products */ = {
			isa = PBXGroup;
			children = (
				B48E649C2349C0560036D203 /* MinimizableViewExample.app */,
				B4374BF7299E0C1600E94D61 /* MinimizableViewExample_MacOS.app */,
				B4374C07299E0C1900E94D61 /* MinimizableViewExample_MacOSTests.xctest */,
				B4374C11299E0C1900E94D61 /* MinimizableViewExample_MacOSUITests.xctest */,
			);
			name = Products;
			sourceTree = "<group>";
		};
		B48E649E2349C0560036D203 /* CustomModal */ = {
			isa = PBXGroup;
			children = (
				B48E649F2349C0560036D203 /* AppDelegate.swift */,
				B48E64A12349C0560036D203 /* SceneDelegate.swift */,
				B4AA02A1256CFE550069D9F4 /* BlurView.swift */,
				B48E64A32349C0560036D203 /* RootView.swift */,
				B461DFA9254C3DE400E29DE5 /* ListView.swift */,
				B48E64B32349C0E00036D203 /* ContentExample.swift */,
				B47E0FD928A3A3BB001FBD6B /* ContentListExample.swift */,
				B4668E4D23716EBC00E5A1DE /* CompactViewExample.swift */,
				B4668E73237405A400E5A1DE /* Buttons.swift */,
				B48E64A52349C05A0036D203 /* Assets.xcassets */,
				B48E64B52349EB670036D203 /* Colors.xcassets */,
				B48E64AA2349C05A0036D203 /* LaunchScreen.storyboard */,
				B48E64AD2349C05A0036D203 /* Info.plist */,
				B48E64A72349C05A0036D203 /* Preview Content */,
			);
			path = CustomModal;
			sourceTree = "<group>";
		};
		B48E64A72349C05A0036D203 /* Preview Content */ = {
			isa = PBXGroup;
			children = (
				B48E64A82349C05A0036D203 /* Preview Assets.xcassets */,
			);
			path = "Preview Content";
			sourceTree = "<group>";
		};
/* End PBXGroup section */

/* Begin PBXNativeTarget section */
		B4374BF6299E0C1600E94D61 /* MinimizableViewExample_MacOS */ = {
			isa = PBXNativeTarget;
			buildConfigurationList = B4374C1F299E0C1900E94D61 /* Build configuration list for PBXNativeTarget "MinimizableViewExample_MacOS" */;
			buildPhases = (
				B4374BF3299E0C1600E94D61 /* Sources */,
				B4374BF4299E0C1600E94D61 /* Frameworks */,
				B4374BF5299E0C1600E94D61 /* Resources */,
			);
			buildRules = (
			);
			dependencies = (
			);
			name = MinimizableViewExample_MacOS;
			packageProductDependencies = (
				B4374C22299E0D7500E94D61 /* MinimizableView */,
			);
			productName = MinimizableViewExample_MacOS;
			productReference = B4374BF7299E0C1600E94D61 /* MinimizableViewExample_MacOS.app */;
			productType = "com.apple.product-type.application";
		};
		B4374C06299E0C1900E94D61 /* MinimizableViewExample_MacOSTests */ = {
			isa = PBXNativeTarget;
			buildConfigurationList = B4374C20299E0C1900E94D61 /* Build configuration list for PBXNativeTarget "MinimizableViewExample_MacOSTests" */;
			buildPhases = (
				B4374C03299E0C1900E94D61 /* Sources */,
				B4374C04299E0C1900E94D61 /* Frameworks */,
				B4374C05299E0C1900E94D61 /* Resources */,
			);
			buildRules = (
			);
			dependencies = (
				B4374C09299E0C1900E94D61 /* PBXTargetDependency */,
			);
			name = MinimizableViewExample_MacOSTests;
			productName = MinimizableViewExample_MacOSTests;
			productReference = B4374C07299E0C1900E94D61 /* MinimizableViewExample_MacOSTests.xctest */;
			productType = "com.apple.product-type.bundle.unit-test";
		};
		B4374C10299E0C1900E94D61 /* MinimizableViewExample_MacOSUITests */ = {
			isa = PBXNativeTarget;
			buildConfigurationList = B4374C21299E0C1900E94D61 /* Build configuration list for PBXNativeTarget "MinimizableViewExample_MacOSUITests" */;
			buildPhases = (
				B4374C0D299E0C1900E94D61 /* Sources */,
				B4374C0E299E0C1900E94D61 /* Frameworks */,
				B4374C0F299E0C1900E94D61 /* Resources */,
			);
			buildRules = (
			);
			dependencies = (
				B4374C13299E0C1900E94D61 /* PBXTargetDependency */,
			);
			name = MinimizableViewExample_MacOSUITests;
			productName = MinimizableViewExample_MacOSUITests;
			productReference = B4374C11299E0C1900E94D61 /* MinimizableViewExample_MacOSUITests.xctest */;
			productType = "com.apple.product-type.bundle.ui-testing";
		};
		B48E649B2349C0560036D203 /* MinimizableViewExample */ = {
			isa = PBXNativeTarget;
			buildConfigurationList = B48E64B02349C05A0036D203 /* Build configuration list for PBXNativeTarget "MinimizableViewExample" */;
			buildPhases = (
				B48E64982349C0560036D203 /* Sources */,
				B48E64992349C0560036D203 /* Frameworks */,
				B48E649A2349C0560036D203 /* Resources */,
			);
			buildRules = (
			);
			dependencies = (
			);
			name = MinimizableViewExample;
			packageProductDependencies = (
				B4668E7E23756A0D00E5A1DE /* MinimizableView */,
				B40DEEA925BFE8750081786D /* NavigationStack */,
			);
			productName = CustomModal;
			productReference = B48E649C2349C0560036D203 /* MinimizableViewExample.app */;
			productType = "com.apple.product-type.application";
		};
/* End PBXNativeTarget section */

/* Begin PBXProject section */
		B48E64942349C0560036D203 /* Project object */ = {
			isa = PBXProject;
			attributes = {
				LastSwiftUpdateCheck = 1420;
				LastUpgradeCheck = 1100;
				ORGANIZATIONNAME = Duoyun;
				TargetAttributes = {
					B4374BF6299E0C1600E94D61 = {
						CreatedOnToolsVersion = 14.2;
					};
					B4374C06299E0C1900E94D61 = {
						CreatedOnToolsVersion = 14.2;
						TestTargetID = B4374BF6299E0C1600E94D61;
					};
					B4374C10299E0C1900E94D61 = {
						CreatedOnToolsVersion = 14.2;
						TestTargetID = B4374BF6299E0C1600E94D61;
					};
					B48E649B2349C0560036D203 = {
						CreatedOnToolsVersion = 11.0;
					};
				};
			};
			buildConfigurationList = B48E64972349C0560036D203 /* Build configuration list for PBXProject "MinimizableViewExample" */;
			compatibilityVersion = "Xcode 9.3";
			developmentRegion = en;
			hasScannedForEncodings = 0;
			knownRegions = (
				en,
				Base,
			);
			mainGroup = B48E64932349C0560036D203;
			packageReferences = (
				B40DEEA825BFE8750081786D /* XCRemoteSwiftPackageReference "NavigationStack" */,
			);
			productRefGroup = B48E649D2349C0560036D203 /* Products */;
			projectDirPath = "";
			projectRoot = "";
			targets = (
				B48E649B2349C0560036D203 /* MinimizableViewExample */,
				B4374BF6299E0C1600E94D61 /* MinimizableViewExample_MacOS */,
				B4374C06299E0C1900E94D61 /* MinimizableViewExample_MacOSTests */,
				B4374C10299E0C1900E94D61 /* MinimizableViewExample_MacOSUITests */,
			);
		};
/* End PBXProject section */

/* Begin PBXResourcesBuildPhase section */
		B4374BF5299E0C1600E94D61 /* Resources */ = {
			isa = PBXResourcesBuildPhase;
			buildActionMask = 2147483647;
			files = (
				B4374C01299E0C1900E94D61 /* Preview Assets.xcassets in Resources */,
				B4374BFE299E0C1900E94D61 /* Assets.xcassets in Resources */,
			);
			runOnlyForDeploymentPostprocessing = 0;
		};
		B4374C05299E0C1900E94D61 /* Resources */ = {
			isa = PBXResourcesBuildPhase;
			buildActionMask = 2147483647;
			files = (
			);
			runOnlyForDeploymentPostprocessing = 0;
		};
		B4374C0F299E0C1900E94D61 /* Resources */ = {
			isa = PBXResourcesBuildPhase;
			buildActionMask = 2147483647;
			files = (
			);
			runOnlyForDeploymentPostprocessing = 0;
		};
		B48E649A2349C0560036D203 /* Resources */ = {
			isa = PBXResourcesBuildPhase;
			buildActionMask = 2147483647;
			files = (
				B48E64AC2349C05A0036D203 /* LaunchScreen.storyboard in Resources */,
				B48E64B62349EB670036D203 /* Colors.xcassets in Resources */,
				B48E64A92349C05A0036D203 /* Preview Assets.xcassets in Resources */,
				B48E64A62349C05A0036D203 /* Assets.xcassets in Resources */,
			);
			runOnlyForDeploymentPostprocessing = 0;
		};
/* End PBXResourcesBuildPhase section */

/* Begin PBXSourcesBuildPhase section */
		B4374BF3299E0C1600E94D61 /* Sources */ = {
			isa = PBXSourcesBuildPhase;
			buildActionMask = 2147483647;
			files = (
				B4374BFC299E0C1600E94D61 /* ContentView.swift in Sources */,
				B4374BFA299E0C1600E94D61 /* MinimizableViewExample_MacOSApp.swift in Sources */,
			);
			runOnlyForDeploymentPostprocessing = 0;
		};
		B4374C03299E0C1900E94D61 /* Sources */ = {
			isa = PBXSourcesBuildPhase;
			buildActionMask = 2147483647;
			files = (
				B4374C0C299E0C1900E94D61 /* MinimizableViewExample_MacOSTests.swift in Sources */,
			);
			runOnlyForDeploymentPostprocessing = 0;
		};
		B4374C0D299E0C1900E94D61 /* Sources */ = {
			isa = PBXSourcesBuildPhase;
			buildActionMask = 2147483647;
			files = (
				B4374C18299E0C1900E94D61 /* MinimizableViewExample_MacOSUITestsLaunchTests.swift in Sources */,
				B4374C16299E0C1900E94D61 /* MinimizableViewExample_MacOSUITests.swift in Sources */,
			);
			runOnlyForDeploymentPostprocessing = 0;
		};
		B48E64982349C0560036D203 /* Sources */ = {
			isa = PBXSourcesBuildPhase;
			buildActionMask = 2147483647;
			files = (
				B48E64A02349C0560036D203 /* AppDelegate.swift in Sources */,
				B47E0FDA28A3A3BB001FBD6B /* ContentListExample.swift in Sources */,
				B4AA02A2256CFE550069D9F4 /* BlurView.swift in Sources */,
				B48E64A22349C0560036D203 /* SceneDelegate.swift in Sources */,
				B48E64B42349C0E00036D203 /* ContentExample.swift in Sources */,
				B461DFAA254C3DE400E29DE5 /* ListView.swift in Sources */,
				B4668E74237405A400E5A1DE /* Buttons.swift in Sources */,
				B4668E4E23716EBC00E5A1DE /* CompactViewExample.swift in Sources */,
				B48E64A42349C0560036D203 /* RootView.swift in Sources */,
			);
			runOnlyForDeploymentPostprocessing = 0;
		};
/* End PBXSourcesBuildPhase section */

/* Begin PBXTargetDependency section */
		B4374C09299E0C1900E94D61 /* PBXTargetDependency */ = {
			isa = PBXTargetDependency;
			target = B4374BF6299E0C1600E94D61 /* MinimizableViewExample_MacOS */;
			targetProxy = B4374C08299E0C1900E94D61 /* PBXContainerItemProxy */;
		};
		B4374C13299E0C1900E94D61 /* PBXTargetDependency */ = {
			isa = PBXTargetDependency;
			target = B4374BF6299E0C1600E94D61 /* MinimizableViewExample_MacOS */;
			targetProxy = B4374C12299E0C1900E94D61 /* PBXContainerItemProxy */;
		};
/* End PBXTargetDependency section */

/* Begin PBXVariantGroup section */
		B48E64AA2349C05A0036D203 /* LaunchScreen.storyboard */ = {
			isa = PBXVariantGroup;
			children = (
				B48E64AB2349C05A0036D203 /* Base */,
			);
			name = LaunchScreen.storyboard;
			sourceTree = "<group>";
		};
/* End PBXVariantGroup section */

/* Begin XCBuildConfiguration section */
		B4374C19299E0C1900E94D61 /* Debug */ = {
			isa = XCBuildConfiguration;
			buildSettings = {
				ASSETCATALOG_COMPILER_APPICON_NAME = AppIcon;
				ASSETCATALOG_COMPILER_GLOBAL_ACCENT_COLOR_NAME = AccentColor;
				CLANG_CXX_LANGUAGE_STANDARD = "gnu++20";
				CLANG_WARN_QUOTED_INCLUDE_IN_FRAMEWORK_HEADER = YES;
				CODE_SIGN_ENTITLEMENTS = MinimizableViewExample_MacOS/MinimizableViewExample_MacOS.entitlements;
				CODE_SIGN_STYLE = Automatic;
				COMBINE_HIDPI_IMAGES = YES;
				CURRENT_PROJECT_VERSION = 1;
				DEVELOPMENT_ASSET_PATHS = "\"MinimizableViewExample_MacOS/Preview Content\"";
				DEVELOPMENT_TEAM = 76FXG652LY;
				ENABLE_HARDENED_RUNTIME = YES;
				ENABLE_PREVIEWS = YES;
				GENERATE_INFOPLIST_FILE = YES;
				INFOPLIST_KEY_NSHumanReadableCopyright = "Copyright © 2023 Duoyun. All rights reserved.";
				LD_RUNPATH_SEARCH_PATHS = (
					"$(inherited)",
					"@executable_path/../Frameworks",
				);
				MACOSX_DEPLOYMENT_TARGET = 13.1;
				MARKETING_VERSION = 1.0;
				PRODUCT_BUNDLE_IDENTIFIER = "me.duoyun.MinimizableViewExample-MacOS";
				PRODUCT_NAME = "$(TARGET_NAME)";
				SDKROOT = macosx;
				SWIFT_EMIT_LOC_STRINGS = YES;
				SWIFT_VERSION = 5.0;
			};
			name = Debug;
		};
		B4374C1A299E0C1900E94D61 /* Release */ = {
			isa = XCBuildConfiguration;
			buildSettings = {
				ASSETCATALOG_COMPILER_APPICON_NAME = AppIcon;
				ASSETCATALOG_COMPILER_GLOBAL_ACCENT_COLOR_NAME = AccentColor;
				CLANG_CXX_LANGUAGE_STANDARD = "gnu++20";
				CLANG_WARN_QUOTED_INCLUDE_IN_FRAMEWORK_HEADER = YES;
				CODE_SIGN_ENTITLEMENTS = MinimizableViewExample_MacOS/MinimizableViewExample_MacOS.entitlements;
				CODE_SIGN_STYLE = Automatic;
				COMBINE_HIDPI_IMAGES = YES;
				CURRENT_PROJECT_VERSION = 1;
				DEVELOPMENT_ASSET_PATHS = "\"MinimizableViewExample_MacOS/Preview Content\"";
				DEVELOPMENT_TEAM = 76FXG652LY;
				ENABLE_HARDENED_RUNTIME = YES;
				ENABLE_PREVIEWS = YES;
				GENERATE_INFOPLIST_FILE = YES;
				INFOPLIST_KEY_NSHumanReadableCopyright = "Copyright © 2023 Duoyun. All rights reserved.";
				LD_RUNPATH_SEARCH_PATHS = (
					"$(inherited)",
					"@executable_path/../Frameworks",
				);
				MACOSX_DEPLOYMENT_TARGET = 13.1;
				MARKETING_VERSION = 1.0;
				PRODUCT_BUNDLE_IDENTIFIER = "me.duoyun.MinimizableViewExample-MacOS";
				PRODUCT_NAME = "$(TARGET_NAME)";
				SDKROOT = macosx;
				SWIFT_EMIT_LOC_STRINGS = YES;
				SWIFT_VERSION = 5.0;
			};
			name = Release;
		};
		B4374C1B299E0C1900E94D61 /* Debug */ = {
			isa = XCBuildConfiguration;
			buildSettings = {
				ALWAYS_EMBED_SWIFT_STANDARD_LIBRARIES = YES;
				BUNDLE_LOADER = "$(TEST_HOST)";
				CLANG_CXX_LANGUAGE_STANDARD = "gnu++20";
				CLANG_WARN_QUOTED_INCLUDE_IN_FRAMEWORK_HEADER = YES;
				CODE_SIGN_STYLE = Automatic;
				CURRENT_PROJECT_VERSION = 1;
				DEVELOPMENT_TEAM = 76FXG652LY;
				GENERATE_INFOPLIST_FILE = YES;
				MACOSX_DEPLOYMENT_TARGET = 13.1;
				MARKETING_VERSION = 1.0;
				PRODUCT_BUNDLE_IDENTIFIER = "me.duoyun.MinimizableViewExample-MacOSTests";
				PRODUCT_NAME = "$(TARGET_NAME)";
				SDKROOT = macosx;
				SWIFT_EMIT_LOC_STRINGS = NO;
				SWIFT_VERSION = 5.0;
				TEST_HOST = "$(BUILT_PRODUCTS_DIR)/MinimizableViewExample_MacOS.app/$(BUNDLE_EXECUTABLE_FOLDER_PATH)/MinimizableViewExample_MacOS";
			};
			name = Debug;
		};
		B4374C1C299E0C1900E94D61 /* Release */ = {
			isa = XCBuildConfiguration;
			buildSettings = {
				ALWAYS_EMBED_SWIFT_STANDARD_LIBRARIES = YES;
				BUNDLE_LOADER = "$(TEST_HOST)";
				CLANG_CXX_LANGUAGE_STANDARD = "gnu++20";
				CLANG_WARN_QUOTED_INCLUDE_IN_FRAMEWORK_HEADER = YES;
				CODE_SIGN_STYLE = Automatic;
				CURRENT_PROJECT_VERSION = 1;
				DEVELOPMENT_TEAM = 76FXG652LY;
				GENERATE_INFOPLIST_FILE = YES;
				MACOSX_DEPLOYMENT_TARGET = 13.1;
				MARKETING_VERSION = 1.0;
				PRODUCT_BUNDLE_IDENTIFIER = "me.duoyun.MinimizableViewExample-MacOSTests";
				PRODUCT_NAME = "$(TARGET_NAME)";
				SDKROOT = macosx;
				SWIFT_EMIT_LOC_STRINGS = NO;
				SWIFT_VERSION = 5.0;
				TEST_HOST = "$(BUILT_PRODUCTS_DIR)/MinimizableViewExample_MacOS.app/$(BUNDLE_EXECUTABLE_FOLDER_PATH)/MinimizableViewExample_MacOS";
			};
			name = Release;
		};
		B4374C1D299E0C1900E94D61 /* Debug */ = {
			isa = XCBuildConfiguration;
			buildSettings = {
				ALWAYS_EMBED_SWIFT_STANDARD_LIBRARIES = YES;
				CLANG_CXX_LANGUAGE_STANDARD = "gnu++20";
				CLANG_WARN_QUOTED_INCLUDE_IN_FRAMEWORK_HEADER = YES;
				CODE_SIGN_STYLE = Automatic;
				CURRENT_PROJECT_VERSION = 1;
				DEVELOPMENT_TEAM = 76FXG652LY;
				GENERATE_INFOPLIST_FILE = YES;
				MACOSX_DEPLOYMENT_TARGET = 13.1;
				MARKETING_VERSION = 1.0;
				PRODUCT_BUNDLE_IDENTIFIER = "me.duoyun.MinimizableViewExample-MacOSUITests";
				PRODUCT_NAME = "$(TARGET_NAME)";
				SDKROOT = macosx;
				SWIFT_EMIT_LOC_STRINGS = NO;
				SWIFT_VERSION = 5.0;
				TEST_TARGET_NAME = MinimizableViewExample_MacOS;
			};
			name = Debug;
		};
		B4374C1E299E0C1900E94D61 /* Release */ = {
			isa = XCBuildConfiguration;
			buildSettings = {
				ALWAYS_EMBED_SWIFT_STANDARD_LIBRARIES = YES;
				CLANG_CXX_LANGUAGE_STANDARD = "gnu++20";
				CLANG_WARN_QUOTED_INCLUDE_IN_FRAMEWORK_HEADER = YES;
				CODE_SIGN_STYLE = Automatic;
				CURRENT_PROJECT_VERSION = 1;
				DEVELOPMENT_TEAM = 76FXG652LY;
				GENERATE_INFOPLIST_FILE = YES;
				MACOSX_DEPLOYMENT_TARGET = 13.1;
				MARKETING_VERSION = 1.0;
				PRODUCT_BUNDLE_IDENTIFIER = "me.duoyun.MinimizableViewExample-MacOSUITests";
				PRODUCT_NAME = "$(TARGET_NAME)";
				SDKROOT = macosx;
				SWIFT_EMIT_LOC_STRINGS = NO;
				SWIFT_VERSION = 5.0;
				TEST_TARGET_NAME = MinimizableViewExample_MacOS;
			};
			name = Release;
		};
		B48E64AE2349C05A0036D203 /* Debug */ = {
			isa = XCBuildConfiguration;
			buildSettings = {
				ALWAYS_SEARCH_USER_PATHS = NO;
				CLANG_ANALYZER_NONNULL = YES;
				CLANG_ANALYZER_NUMBER_OBJECT_CONVERSION = YES_AGGRESSIVE;
				CLANG_CXX_LANGUAGE_STANDARD = "gnu++14";
				CLANG_CXX_LIBRARY = "libc++";
				CLANG_ENABLE_MODULES = YES;
				CLANG_ENABLE_OBJC_ARC = YES;
				CLANG_ENABLE_OBJC_WEAK = YES;
				CLANG_WARN_BLOCK_CAPTURE_AUTORELEASING = YES;
				CLANG_WARN_BOOL_CONVERSION = YES;
				CLANG_WARN_COMMA = YES;
				CLANG_WARN_CONSTANT_CONVERSION = YES;
				CLANG_WARN_DEPRECATED_OBJC_IMPLEMENTATIONS = YES;
				CLANG_WARN_DIRECT_OBJC_ISA_USAGE = YES_ERROR;
				CLANG_WARN_DOCUMENTATION_COMMENTS = YES;
				CLANG_WARN_EMPTY_BODY = YES;
				CLANG_WARN_ENUM_CONVERSION = YES;
				CLANG_WARN_INFINITE_RECURSION = YES;
				CLANG_WARN_INT_CONVERSION = YES;
				CLANG_WARN_NON_LITERAL_NULL_CONVERSION = YES;
				CLANG_WARN_OBJC_IMPLICIT_RETAIN_SELF = YES;
				CLANG_WARN_OBJC_LITERAL_CONVERSION = YES;
				CLANG_WARN_OBJC_ROOT_CLASS = YES_ERROR;
				CLANG_WARN_RANGE_LOOP_ANALYSIS = YES;
				CLANG_WARN_STRICT_PROTOTYPES = YES;
				CLANG_WARN_SUSPICIOUS_MOVE = YES;
				CLANG_WARN_UNGUARDED_AVAILABILITY = YES_AGGRESSIVE;
				CLANG_WARN_UNREACHABLE_CODE = YES;
				CLANG_WARN__DUPLICATE_METHOD_MATCH = YES;
				COPY_PHASE_STRIP = NO;
				DEBUG_INFORMATION_FORMAT = dwarf;
				ENABLE_STRICT_OBJC_MSGSEND = YES;
				ENABLE_TESTABILITY = YES;
				GCC_C_LANGUAGE_STANDARD = gnu11;
				GCC_DYNAMIC_NO_PIC = NO;
				GCC_NO_COMMON_BLOCKS = YES;
				GCC_OPTIMIZATION_LEVEL = 0;
				GCC_PREPROCESSOR_DEFINITIONS = (
					"DEBUG=1",
					"$(inherited)",
				);
				GCC_WARN_64_TO_32_BIT_CONVERSION = YES;
				GCC_WARN_ABOUT_RETURN_TYPE = YES_ERROR;
				GCC_WARN_UNDECLARED_SELECTOR = YES;
				GCC_WARN_UNINITIALIZED_AUTOS = YES_AGGRESSIVE;
				GCC_WARN_UNUSED_FUNCTION = YES;
				GCC_WARN_UNUSED_VARIABLE = YES;
				IPHONEOS_DEPLOYMENT_TARGET = 14.0;
				MTL_ENABLE_DEBUG_INFO = INCLUDE_SOURCE;
				MTL_FAST_MATH = YES;
				ONLY_ACTIVE_ARCH = YES;
				SDKROOT = iphoneos;
				SWIFT_ACTIVE_COMPILATION_CONDITIONS = DEBUG;
				SWIFT_OPTIMIZATION_LEVEL = "-Onone";
			};
			name = Debug;
		};
		B48E64AF2349C05A0036D203 /* Release */ = {
			isa = XCBuildConfiguration;
			buildSettings = {
				ALWAYS_SEARCH_USER_PATHS = NO;
				CLANG_ANALYZER_NONNULL = YES;
				CLANG_ANALYZER_NUMBER_OBJECT_CONVERSION = YES_AGGRESSIVE;
				CLANG_CXX_LANGUAGE_STANDARD = "gnu++14";
				CLANG_CXX_LIBRARY = "libc++";
				CLANG_ENABLE_MODULES = YES;
				CLANG_ENABLE_OBJC_ARC = YES;
				CLANG_ENABLE_OBJC_WEAK = YES;
				CLANG_WARN_BLOCK_CAPTURE_AUTORELEASING = YES;
				CLANG_WARN_BOOL_CONVERSION = YES;
				CLANG_WARN_COMMA = YES;
				CLANG_WARN_CONSTANT_CONVERSION = YES;
				CLANG_WARN_DEPRECATED_OBJC_IMPLEMENTATIONS = YES;
				CLANG_WARN_DIRECT_OBJC_ISA_USAGE = YES_ERROR;
				CLANG_WARN_DOCUMENTATION_COMMENTS = YES;
				CLANG_WARN_EMPTY_BODY = YES;
				CLANG_WARN_ENUM_CONVERSION = YES;
				CLANG_WARN_INFINITE_RECURSION = YES;
				CLANG_WARN_INT_CONVERSION = YES;
				CLANG_WARN_NON_LITERAL_NULL_CONVERSION = YES;
				CLANG_WARN_OBJC_IMPLICIT_RETAIN_SELF = YES;
				CLANG_WARN_OBJC_LITERAL_CONVERSION = YES;
				CLANG_WARN_OBJC_ROOT_CLASS = YES_ERROR;
				CLANG_WARN_RANGE_LOOP_ANALYSIS = YES;
				CLANG_WARN_STRICT_PROTOTYPES = YES;
				CLANG_WARN_SUSPICIOUS_MOVE = YES;
				CLANG_WARN_UNGUARDED_AVAILABILITY = YES_AGGRESSIVE;
				CLANG_WARN_UNREACHABLE_CODE = YES;
				CLANG_WARN__DUPLICATE_METHOD_MATCH = YES;
				COPY_PHASE_STRIP = NO;
				DEBUG_INFORMATION_FORMAT = "dwarf-with-dsym";
				ENABLE_NS_ASSERTIONS = NO;
				ENABLE_STRICT_OBJC_MSGSEND = YES;
				GCC_C_LANGUAGE_STANDARD = gnu11;
				GCC_NO_COMMON_BLOCKS = YES;
				GCC_WARN_64_TO_32_BIT_CONVERSION = YES;
				GCC_WARN_ABOUT_RETURN_TYPE = YES_ERROR;
				GCC_WARN_UNDECLARED_SELECTOR = YES;
				GCC_WARN_UNINITIALIZED_AUTOS = YES_AGGRESSIVE;
				GCC_WARN_UNUSED_FUNCTION = YES;
				GCC_WARN_UNUSED_VARIABLE = YES;
				IPHONEOS_DEPLOYMENT_TARGET = 14.0;
				MTL_ENABLE_DEBUG_INFO = NO;
				MTL_FAST_MATH = YES;
				SDKROOT = iphoneos;
				SWIFT_COMPILATION_MODE = wholemodule;
				SWIFT_OPTIMIZATION_LEVEL = "-O";
				VALIDATE_PRODUCT = YES;
			};
			name = Release;
		};
		B48E64B12349C05A0036D203 /* Debug */ = {
			isa = XCBuildConfiguration;
			buildSettings = {
				ASSETCATALOG_COMPILER_APPICON_NAME = AppIcon;
				CODE_SIGN_STYLE = Automatic;
				DEVELOPMENT_ASSET_PATHS = "\"CustomModal/Preview Content\"";
				DEVELOPMENT_TEAM = 76FXG652LY;
				ENABLE_PREVIEWS = YES;
				INFOPLIST_FILE = CustomModal/Info.plist;
				IPHONEOS_DEPLOYMENT_TARGET = 14.0;
				LD_RUNPATH_SEARCH_PATHS = (
					"$(inherited)",
					"@executable_path/Frameworks",
				);
				MARKETING_VERSION = 1.0;
				PRODUCT_BUNDLE_IDENTIFIER = me.duoyun.MinimizableViewExample;
				PRODUCT_NAME = MinimizableViewExample;
				SWIFT_VERSION = 5.0;
				TARGETED_DEVICE_FAMILY = "1,2";
			};
			name = Debug;
		};
		B48E64B22349C05A0036D203 /* Release */ = {
			isa = XCBuildConfiguration;
			buildSettings = {
				ASSETCATALOG_COMPILER_APPICON_NAME = AppIcon;
				CODE_SIGN_STYLE = Automatic;
				DEVELOPMENT_ASSET_PATHS = "\"CustomModal/Preview Content\"";
				DEVELOPMENT_TEAM = 76FXG652LY;
				ENABLE_PREVIEWS = YES;
				INFOPLIST_FILE = CustomModal/Info.plist;
				IPHONEOS_DEPLOYMENT_TARGET = 14.0;
				LD_RUNPATH_SEARCH_PATHS = (
					"$(inherited)",
					"@executable_path/Frameworks",
				);
				MARKETING_VERSION = 1.0;
				PRODUCT_BUNDLE_IDENTIFIER = me.duoyun.MinimizableViewExample;
				PRODUCT_NAME = MinimizableViewExample;
				SWIFT_VERSION = 5.0;
				TARGETED_DEVICE_FAMILY = "1,2";
			};
			name = Release;
		};
/* End XCBuildConfiguration section */

/* Begin XCConfigurationList section */
		B4374C1F299E0C1900E94D61 /* Build configuration list for PBXNativeTarget "MinimizableViewExample_MacOS" */ = {
			isa = XCConfigurationList;
			buildConfigurations = (
				B4374C19299E0C1900E94D61 /* Debug */,
				B4374C1A299E0C1900E94D61 /* Release */,
			);
			defaultConfigurationIsVisible = 0;
			defaultConfigurationName = Release;
		};
		B4374C20299E0C1900E94D61 /* Build configuration list for PBXNativeTarget "MinimizableViewExample_MacOSTests" */ = {
			isa = XCConfigurationList;
			buildConfigurations = (
				B4374C1B299E0C1900E94D61 /* Debug */,
				B4374C1C299E0C1900E94D61 /* Release */,
			);
			defaultConfigurationIsVisible = 0;
			defaultConfigurationName = Release;
		};
		B4374C21299E0C1900E94D61 /* Build configuration list for PBXNativeTarget "MinimizableViewExample_MacOSUITests" */ = {
			isa = XCConfigurationList;
			buildConfigurations = (
				B4374C1D299E0C1900E94D61 /* Debug */,
				B4374C1E299E0C1900E94D61 /* Release */,
			);
			defaultConfigurationIsVisible = 0;
			defaultConfigurationName = Release;
		};
		B48E64972349C0560036D203 /* Build configuration list for PBXProject "MinimizableViewExample" */ = {
			isa = XCConfigurationList;
			buildConfigurations = (
				B48E64AE2349C05A0036D203 /* Debug */,
				B48E64AF2349C05A0036D203 /* Release */,
			);
			defaultConfigurationIsVisible = 0;
			defaultConfigurationName = Release;
		};
		B48E64B02349C05A0036D203 /* Build configuration list for PBXNativeTarget "MinimizableViewExample" */ = {
			isa = XCConfigurationList;
			buildConfigurations = (
				B48E64B12349C05A0036D203 /* Debug */,
				B48E64B22349C05A0036D203 /* Release */,
			);
			defaultConfigurationIsVisible = 0;
			defaultConfigurationName = Release;
		};
/* End XCConfigurationList section */

/* Begin XCRemoteSwiftPackageReference section */
		B40DEEA825BFE8750081786D /* XCRemoteSwiftPackageReference "NavigationStack" */ = {
			isa = XCRemoteSwiftPackageReference;
			repositoryURL = "https://github.com/indieSoftware/NavigationStack";
			requirement = {
				kind = upToNextMajorVersion;
				minimumVersion = 1.0.2;
			};
		};
/* End XCRemoteSwiftPackageReference section */

/* Begin XCSwiftPackageProductDependency section */
		B40DEEA925BFE8750081786D /* NavigationStack */ = {
			isa = XCSwiftPackageProductDependency;
			package = B40DEEA825BFE8750081786D /* XCRemoteSwiftPackageReference "NavigationStack" */;
			productName = NavigationStack;
		};
		B4374C22299E0D7500E94D61 /* MinimizableView */ = {
			isa = XCSwiftPackageProductDependency;
			productName = MinimizableView;
		};
		B4668E7E23756A0D00E5A1DE /* MinimizableView */ = {
			isa = XCSwiftPackageProductDependency;
			productName = MinimizableView;
		};
/* End XCSwiftPackageProductDependency section */
	};
	rootObject = B48E64942349C0560036D203 /* Project object */;
}
